
Microsoft Visual Studio Solution File, Format Version 12.00
# Visual Studio Version 17
VisualStudioVersion = 17.2.32505.173
MinimumVisualStudioVersion = 10.0.40219.1
Project("{9A19103F-16F7-4668-BE54-9A1E7A4F7556}") = "DocumentationAPI", "DocumentationAPI.csproj", "{96374FD8-F5FE-469D-84CA-BEFB9B0B67FB}"
EndProject
Project("{2150E333-8FDC-42A3-9474-1A3956D46DE8}") = "Solution Items", "Solution Items", "{CE1A7043-F822-4F30-84BF-62ACB3C54F79}"
	ProjectSection(SolutionItems) = preProject
		.editorconfig = .editorconfig
	EndProjectSection
EndProject
Global
	GlobalSection(SolutionConfigurationPlatforms) = preSolution
		Debug|Any CPU = Debug|Any CPU
		Release|Any CPU = Release|Any CPU
	EndGlobalSection
	GlobalSection(ProjectConfigurationPlatforms) = postSolution
		{96374FD8-F5FE-469D-84CA-BEFB9B0B67FB}.Debug|Any CPU.ActiveCfg = Debug|Any CPU
		{96374FD8-F5FE-469D-84CA-BEFB9B0B67FB}.Debug|Any CPU.Build.0 = Debug|Any CPU
		{96374FD8-F5FE-469D-84CA-BEFB9B0B67FB}.Release|Any CPU.ActiveCfg = Release|Any CPU
		{96374FD8-F5FE-469D-84CA-BEFB9B0B67FB}.Release|Any CPU.Build.0 = Release|Any CPU
	EndGlobalSection
	GlobalSection(SolutionProperties) = preSolution
		HideSolutionNode = FALSE
	EndGlobalSection
	GlobalSection(ExtensibilityGlobals) = postSolution
		SolutionGuid = {EEAAD704-4DC5-4A0C-AFA2-6B468ABEAF40}
	EndGlobalSection
EndGlobal
